<?xml version="1.0"?>
<CONFIG>
  <ProjectOptions>
    <PathDelim Value="\"/>
    <Version Value="7"/>
    <General>
      <Flags>
        <MainUnitHasCreateFormStatements Value="False"/>
        <MainUnitHasTitleStatement Value="False"/>
        <AlwaysBuild Value="False"/>
        <LRSInOutputDirectory Value="False"/>
        <UseDefaultCompilerOptions Value="True"/>
      </Flags>
      <MainUnit Value="0"/>
      <TargetFileExt Value=".exe"/>
      <UseAppBundle Value="False"/>
      <ResourceType Value="res"/>
      <ActiveWindowIndexAtStart Value="0"/>
    </General>
    <VersionInfo>
      <Language Value=""/>
      <CharSet Value=""/>
      <StringTable Comments="" CompanyName="" FileDescription="" FileVersion="" InternalName="" LegalCopyright="" LegalTrademarks="" OriginalFilename="" ProductName="" ProductVersion=""/>
    </VersionInfo>
    <PublishOptions>
      <Version Value="2"/>
      <IgnoreBinaries Value="False"/>
      <IncludeFileFilter Value="*.(pas|pp|inc|lfm|lpr|lrs|lpi|lpk|sh|xml)"/>
      <ExcludeFileFilter Value="*.(bak|ppu|ppw|o|so);*~;backup"/>
    </PublishOptions>
    <RunParams>
      <local>
        <FormatVersion Value="1"/>
        <CommandLineParams Value="&quot;C:\Arquivos de programas\Borland\BDS\4.0\source\*.pas&quot; -fi&quot;C:\Arquivos de programas\Borland\BDS\4.0\source\dunit\contrib\dunitwizard\source\common\&quot; -v1 -vmE130,E139"/>
        <LaunchingApplication PathPlusParams="/usr/X11R6/bin/xterm -T 'Lazarus Run Output' -e $(LazarusDir)/tools/runwait.sh $(TargetCmdLine)"/>
      </local>
    </RunParams>
    <Units Count="8">
      <Unit0>
        <Filename Value="LLVM_Pascal.dpr"/>
        <IsPartOfProject Value="True"/>
        <EditorIndex Value="0"/>
        <WindowIndex Value="0"/>
        <TopLine Value="1"/>
        <CursorPos X="87" Y="4"/>
        <UsageCount Value="157"/>
        <Loaded Value="True"/>
        <DefaultSyntaxHighlighter Value="Delphi"/>
      </Unit0>
      <Unit1>
        <Filename Value="Scanner.pas"/>
        <UnitName Value="Scanner"/>
        <IsVisibleTab Value="True"/>
        <EditorIndex Value="2"/>
        <WindowIndex Value="0"/>
        <TopLine Value="1"/>
        <CursorPos X="1" Y="1"/>
        <UsageCount Value="12"/>
        <Loaded Value="True"/>
        <DefaultSyntaxHighlighter Value="Delphi"/>
      </Unit1>
      <Unit2>
        <Filename Value="Parser.pas"/>
        <UnitName Value="Parser"/>
        <EditorIndex Value="1"/>
        <WindowIndex Value="0"/>
        <TopLine Value="1"/>
        <CursorPos X="1" Y="1"/>
        <UsageCount Value="12"/>
        <Loaded Value="True"/>
        <DefaultSyntaxHighlighter Value="Delphi"/>
      </Unit2>
      <Unit3>
        <Filename Value="FPCTunning.pas"/>
        <UnitName Value="FPCTunning"/>
        <WindowIndex Value="0"/>
        <TopLine Value="150"/>
        <CursorPos X="16" Y="182"/>
        <UsageCount Value="11"/>
        <DefaultSyntaxHighlighter Value="Delphi"/>
      </Unit3>
      <Unit4>
        <Filename Value="C:\Arquivos de programas\CodeGear\RAD Studio\6.0\source\database\Borland.Data.AdoDbxClientProvider.pas"/>
        <WindowIndex Value="0"/>
        <TopLine Value="3067"/>
        <CursorPos X="66" Y="3110"/>
        <UsageCount Value="10"/>
      </Unit4>
      <Unit5>
        <Filename Value="C:\Arquivos de programas\CodeGear\RAD Studio\6.0\source\database\AdoDbxDb2ClientProvider.pas"/>
        <UnitName Value="AdoDbxDb2ClientProvider"/>
        <WindowIndex Value="0"/>
        <TopLine Value="1"/>
        <CursorPos X="1" Y="9"/>
        <UsageCount Value="10"/>
      </Unit5>
      <Unit6>
        <Filename Value="C:\Arquivos de programas\CodeGear\RAD Studio\6.0\source\Win32\rtl\sys\getmem.inc"/>
        <WindowIndex Value="0"/>
        <TopLine Value="2541"/>
        <CursorPos X="72" Y="2556"/>
        <UsageCount Value="10"/>
      </Unit6>
      <Unit7>
        <Filename Value="C:\lazarus\fpc\2.4.0\source\packages\fcl-base\src\inifiles.pp"/>
        <UnitName Value="IniFiles"/>
        <WindowIndex Value="0"/>
        <TopLine Value="48"/>
        <CursorPos X="25" Y="67"/>
        <SyntaxHighlighter Value="FreePascal"/>
        <UsageCount Value="10"/>
        <DefaultSyntaxHighlighter Value="Text"/>
      </Unit7>
    </Units>
    <JumpHistory Count="30" HistoryIndex="29">
      <Position1>
        <Filename Value="LLVM_Pascal.dpr"/>
        <Caret Line="1" Column="1" TopLine="1"/>
      </Position1>
      <Position2>
        <Filename Value="LLVM_Pascal.dpr"/>
        <Caret Line="15" Column="15" TopLine="1"/>
      </Position2>
      <Position3>
        <Filename Value="LLVM_Pascal.dpr"/>
        <Caret Line="1" Column="1" TopLine="1"/>
      </Position3>
      <Position4>
        <Filename Value="Parser.pas"/>
        <Caret Line="32" Column="40" TopLine="1"/>
      </Position4>
      <Position5>
        <Filename Value="LLVM_Pascal.dpr"/>
        <Caret Line="39" Column="1" TopLine="1"/>
      </Position5>
      <Position6>
        <Filename Value="LLVM_Pascal.dpr"/>
        <Caret Line="24" Column="1" TopLine="1"/>
      </Position6>
      <Position7>
        <Filename Value="LLVM_Pascal.dpr"/>
        <Caret Line="21" Column="19" TopLine="1"/>
      </Position7>
      <Position8>
        <Filename Value="LLVM_Pascal.dpr"/>
        <Caret Line="23" Column="48" TopLine="1"/>
      </Position8>
      <Position9>
        <Filename Value="LLVM_Pascal.dpr"/>
        <Caret Line="21" Column="13" TopLine="1"/>
      </Position9>
      <Position10>
        <Filename Value="LLVM_Pascal.dpr"/>
        <Caret Line="23" Column="10" TopLine="1"/>
      </Position10>
      <Position11>
        <Filename Value="LLVM_Pascal.dpr"/>
        <Caret Line="25" Column="7" TopLine="1"/>
      </Position11>
      <Position12>
        <Filename Value="Scanner.pas"/>
        <Caret Line="80" Column="76" TopLine="61"/>
      </Position12>
      <Position13>
        <Filename Value="LLVM_Pascal.dpr"/>
        <Caret Line="26" Column="10" TopLine="1"/>
      </Position13>
      <Position14>
        <Filename Value="Scanner.pas"/>
        <Caret Line="519" Column="96" TopLine="442"/>
      </Position14>
      <Position15>
        <Filename Value="Scanner.pas"/>
        <Caret Line="1" Column="1" TopLine="1"/>
      </Position15>
      <Position16>
        <Filename Value="Scanner.pas"/>
        <Caret Line="115" Column="27" TopLine="93"/>
      </Position16>
      <Position17>
        <Filename Value="Scanner.pas"/>
        <Caret Line="59" Column="39" TopLine="33"/>
      </Position17>
      <Position18>
        <Filename Value="LLVM_Pascal.dpr"/>
        <Caret Line="38" Column="83" TopLine="1"/>
      </Position18>
      <Position19>
        <Filename Value="Scanner.pas"/>
        <Caret Line="27" Column="31" TopLine="57"/>
      </Position19>
      <Position20>
        <Filename Value="Scanner.pas"/>
        <Caret Line="337" Column="4" TopLine="313"/>
      </Position20>
      <Position21>
        <Filename Value="Scanner.pas"/>
        <Caret Line="1" Column="1" TopLine="1"/>
      </Position21>
      <Position22>
        <Filename Value="Scanner.pas"/>
        <Caret Line="19" Column="83" TopLine="1"/>
      </Position22>
      <Position23>
        <Filename Value="Scanner.pas"/>
        <Caret Line="60" Column="35" TopLine="38"/>
      </Position23>
      <Position24>
        <Filename Value="Scanner.pas"/>
        <Caret Line="88" Column="74" TopLine="66"/>
      </Position24>
      <Position25>
        <Filename Value="Scanner.pas"/>
        <Caret Line="96" Column="17" TopLine="66"/>
      </Position25>
      <Position26>
        <Filename Value="Scanner.pas"/>
        <Caret Line="100" Column="14" TopLine="66"/>
      </Position26>
      <Position27>
        <Filename Value="Scanner.pas"/>
        <Caret Line="115" Column="11" TopLine="93"/>
      </Position27>
      <Position28>
        <Filename Value="Scanner.pas"/>
        <Caret Line="116" Column="11" TopLine="93"/>
      </Position28>
      <Position29>
        <Filename Value="Scanner.pas"/>
        <Caret Line="117" Column="13" TopLine="93"/>
      </Position29>
      <Position30>
        <Filename Value="Scanner.pas"/>
        <Caret Line="256" Column="19" TopLine="251"/>
      </Position30>
    </JumpHistory>
  </ProjectOptions>
  <CompilerOptions>
    <Version Value="8"/>
    <PathDelim Value="\"/>
    <Target>
      <Filename Value="LLVM_Pascal"/>
    </Target>
    <SearchPaths>
      <UnitOutputDirectory Value="lib\$(TargetCPU)-$(TargetOS)"/>
      <LCLWidgetType Value="nogui"/>
    </SearchPaths>
    <Parsing>
      <SyntaxOptions>
        <SyntaxMode Value="Delphi"/>
        <UseAnsiStrings Value="True"/>
      </SyntaxOptions>
    </Parsing>
    <CodeGeneration>
      <SmartLinkUnit Value="True"/>
      <Optimizations>
        <OptimizationLevel Value="2"/>
      </Optimizations>
    </CodeGeneration>
    <Linking>
      <Debugging>
        <UseLineInfoUnit Value="False"/>
        <StripSymbols Value="True"/>
      </Debugging>
      <LinkSmart Value="True"/>
    </Linking>
    <Other>
      <CompilerPath Value="$(CompPath)"/>
    </Other>
  </CompilerOptions>
  <Debugging>
    <Exceptions Count="2">
      <Item1>
        <Name Value="ECodetoolError"/>
      </Item1>
      <Item2>
        <Name Value="EFOpenError"/>
      </Item2>
    </Exceptions>
  </Debugging>
</CONFIG>
